
Microsoft Visual Studio Solution File, Format Version 12.00
# Visual Studio Version 17
VisualStudioVersion = 17.8.34330.188
MinimumVisualStudioVersion = 10.0.40219.1
Project("{FAE04EC0-301F-11D3-BF4B-00C04F79EFBC}") = "BlazorApp1", "BlazorApp1.csproj", "{915E9CFA-9436-4487-98BB-65CFA0F01B1B}"
EndProject
Global
	GlobalSection(SolutionConfigurationPlatforms) = preSolution
		Debug|Any CPU = Debug|Any CPU
		Release|Any CPU = Release|Any CPU
	EndGlobalSection
	GlobalSection(ProjectConfigurationPlatforms) = postSolution
		{915E9CFA-9436-4487-98BB-65CFA0F01B1B}.Debug|Any CPU.ActiveCfg = Debug|Any CPU
		{915E9CFA-9436-4487-98BB-65CFA0F01B1B}.Debug|Any CPU.Build.0 = Debug|Any CPU
		{915E9CFA-9436-4487-98BB-65CFA0F01B1B}.Release|Any CPU.ActiveCfg = Release|Any CPU
		{915E9CFA-9436-4487-98BB-65CFA0F01B1B}.Release|Any CPU.Build.0 = Release|Any CPU
	EndGlobalSection
	GlobalSection(SolutionProperties) = preSolution
		HideSolutionNode = FALSE
	EndGlobalSection
	GlobalSection(ExtensibilityGlobals) = postSolution
		SolutionGuid = {D098752C-706A-457A-B1AC-E8A4EF9FB9FD}
	EndGlobalSection
EndGlobal
